
Microsoft Visual Studio Solution File, Format Version 12.00
# Visual Studio 2013
VisualStudioVersion = 12.0.21005.1
MinimumVisualStudioVersion = 10.0.40219.1
Project("{FAE04EC0-301F-11D3-BF4B-00C04F79EFBC}") = "Project1_282_Final", "Project1_282_Final\Project1_282_Final.csproj", "{F2A64D88-86FD-484F-9858-97F62A6FD92E}"
EndProject
Project("{FAE04EC0-301F-11D3-BF4B-00C04F79EFBC}") = "DataAccessLayer", "DataAccessLayer\DataAccessLayer.csproj", "{B4E77498-1A97-4573-B52B-E3DAF27582A0}"
EndProject
Project("{FAE04EC0-301F-11D3-BF4B-00C04F79EFBC}") = "ProjectTester", "ProjectTester\ProjectTester.csproj", "{CE424FE3-A049-4BCF-A816-3ED2C1C9F8F2}"
EndProject
Project("{FAE04EC0-301F-11D3-BF4B-00C04F79EFBC}") = "BusinessLogicLayer", "BusinessLogicLayer\BusinessLogicLayer.csproj", "{C56AF70B-411C-4136-A042-0A3B91AB7CA3}"
EndProject
Project("{FAE04EC0-301F-11D3-BF4B-00C04F79EFBC}") = "FileHandler", "FileHandler\FileHandler.csproj", "{930B4AD4-CFE2-4BB2-861B-2F5942E13480}"
EndProject
Project("{2150E333-8FDC-42A3-9474-1A3956D46DE8}") = "Solution Items", "Solution Items", "{6B987DAC-CEB9-4B21-9DF2-55D533BE50EB}"
	ProjectSection(SolutionItems) = preProject
		TextFiles\New\NewData.txt = TextFiles\New\NewData.txt
	EndProjectSection
EndProject
Project("{2150E333-8FDC-42A3-9474-1A3956D46DE8}") = "Database Scripts", "Database Scripts", "{96101648-3BF3-4102-8901-A3FB828F4F24}"
	ProjectSection(SolutionItems) = preProject
		MilitarydatabaseScript.sql = MilitarydatabaseScript.sql
	EndProjectSection
EndProject
Global
	GlobalSection(SolutionConfigurationPlatforms) = preSolution
		Debug|Any CPU = Debug|Any CPU
		Release|Any CPU = Release|Any CPU
	EndGlobalSection
	GlobalSection(ProjectConfigurationPlatforms) = postSolution
		{F2A64D88-86FD-484F-9858-97F62A6FD92E}.Debug|Any CPU.ActiveCfg = Debug|Any CPU
		{F2A64D88-86FD-484F-9858-97F62A6FD92E}.Debug|Any CPU.Build.0 = Debug|Any CPU
		{F2A64D88-86FD-484F-9858-97F62A6FD92E}.Release|Any CPU.ActiveCfg = Release|Any CPU
		{F2A64D88-86FD-484F-9858-97F62A6FD92E}.Release|Any CPU.Build.0 = Release|Any CPU
		{B4E77498-1A97-4573-B52B-E3DAF27582A0}.Debug|Any CPU.ActiveCfg = Debug|Any CPU
		{B4E77498-1A97-4573-B52B-E3DAF27582A0}.Debug|Any CPU.Build.0 = Debug|Any CPU
		{B4E77498-1A97-4573-B52B-E3DAF27582A0}.Release|Any CPU.ActiveCfg = Release|Any CPU
		{B4E77498-1A97-4573-B52B-E3DAF27582A0}.Release|Any CPU.Build.0 = Release|Any CPU
		{CE424FE3-A049-4BCF-A816-3ED2C1C9F8F2}.Debug|Any CPU.ActiveCfg = Debug|Any CPU
		{CE424FE3-A049-4BCF-A816-3ED2C1C9F8F2}.Debug|Any CPU.Build.0 = Debug|Any CPU
		{CE424FE3-A049-4BCF-A816-3ED2C1C9F8F2}.Release|Any CPU.ActiveCfg = Release|Any CPU
		{CE424FE3-A049-4BCF-A816-3ED2C1C9F8F2}.Release|Any CPU.Build.0 = Release|Any CPU
		{C56AF70B-411C-4136-A042-0A3B91AB7CA3}.Debug|Any CPU.ActiveCfg = Debug|Any CPU
		{C56AF70B-411C-4136-A042-0A3B91AB7CA3}.Debug|Any CPU.Build.0 = Debug|Any CPU
		{C56AF70B-411C-4136-A042-0A3B91AB7CA3}.Release|Any CPU.ActiveCfg = Release|Any CPU
		{C56AF70B-411C-4136-A042-0A3B91AB7CA3}.Release|Any CPU.Build.0 = Release|Any CPU
		{930B4AD4-CFE2-4BB2-861B-2F5942E13480}.Debug|Any CPU.ActiveCfg = Debug|Any CPU
		{930B4AD4-CFE2-4BB2-861B-2F5942E13480}.Debug|Any CPU.Build.0 = Debug|Any CPU
		{930B4AD4-CFE2-4BB2-861B-2F5942E13480}.Release|Any CPU.ActiveCfg = Release|Any CPU
		{930B4AD4-CFE2-4BB2-861B-2F5942E13480}.Release|Any CPU.Build.0 = Release|Any CPU
	EndGlobalSection
	GlobalSection(SolutionProperties) = preSolution
		HideSolutionNode = FALSE
	EndGlobalSection
EndGlobal
